
Microsoft Visual Studio Solution File, Format Version 12.00
# Visual Studio Version 16
VisualStudioVersion = 16.0.29709.97
MinimumVisualStudioVersion = 10.0.40219.1
Project("{888888A0-9F3D-457C-B088-3A5042F75D52}") = "textsum2", "textsum2\textsum2.pyproj", "{6298EDCD-BBAF-4AD4-8393-2588FCD8893A}"
EndProject
Global
	GlobalSection(SolutionConfigurationPlatforms) = preSolution
		Debug|Any CPU = Debug|Any CPU
		Release|Any CPU = Release|Any CPU
	EndGlobalSection
	GlobalSection(ProjectConfigurationPlatforms) = postSolution
		{6298EDCD-BBAF-4AD4-8393-2588FCD8893A}.Debug|Any CPU.ActiveCfg = Debug|Any CPU
		{6298EDCD-BBAF-4AD4-8393-2588FCD8893A}.Release|Any CPU.ActiveCfg = Release|Any CPU
	EndGlobalSection
	GlobalSection(SolutionProperties) = preSolution
		HideSolutionNode = FALSE
	EndGlobalSection
	GlobalSection(ExtensibilityGlobals) = postSolution
		SolutionGuid = {9E31342E-A9F7-4DE5-8DD0-39DAFC53B0AD}
	EndGlobalSection
EndGlobal
